
Microsoft Visual Studio Solution File, Format Version 12.00
# Visual Studio Version 17
VisualStudioVersion = 17.4.33110.190
MinimumVisualStudioVersion = 10.0.40219.1
Project("{FAE04EC0-301F-11D3-BF4B-00C04F79EFBC}") = "Final_API", "Final_API\Final_API.csproj", "{4257E3B6-39B3-4583-9CBE-EB0FEE095C39}"
EndProject
Global
	GlobalSection(SolutionConfigurationPlatforms) = preSolution
		Debug|Any CPU = Debug|Any CPU
		Release|Any CPU = Release|Any CPU
	EndGlobalSection
	GlobalSection(ProjectConfigurationPlatforms) = postSolution
		{4257E3B6-39B3-4583-9CBE-EB0FEE095C39}.Debug|Any CPU.ActiveCfg = Debug|Any CPU
		{4257E3B6-39B3-4583-9CBE-EB0FEE095C39}.Debug|Any CPU.Build.0 = Debug|Any CPU
		{4257E3B6-39B3-4583-9CBE-EB0FEE095C39}.Release|Any CPU.ActiveCfg = Release|Any CPU
		{4257E3B6-39B3-4583-9CBE-EB0FEE095C39}.Release|Any CPU.Build.0 = Release|Any CPU
	EndGlobalSection
	GlobalSection(SolutionProperties) = preSolution
		HideSolutionNode = FALSE
	EndGlobalSection
	GlobalSection(ExtensibilityGlobals) = postSolution
		SolutionGuid = {C53F0891-DBC9-4E76-819E-F91B54875130}
	EndGlobalSection
EndGlobal
